
Microsoft Visual Studio Solution File, Format Version 12.00
# Visual Studio Version 17
VisualStudioVersion = 17.0.31903.59
MinimumVisualStudioVersion = 10.0.40219.1
Project("{2150E333-8FDC-42A3-9474-1A3956D46DE8}") = "src", "src", "{827E0CD3-B72D-47B6-A68D-7590B98EB39B}"
EndProject
Project("{FAE04EC0-301F-11D3-BF4B-00C04F79EFBC}") = "HatidSuki.Api", "src\HatidSuki.Api\HatidSuki.Api.csproj", "{22CB2901-0B75-40B4-80BC-118AC8C8BD8A}"
EndProject
Project("{FAE04EC0-301F-11D3-BF4B-00C04F79EFBC}") = "HatidSuki.Application", "src\HatidSuki.Application\HatidSuki.Application.csproj", "{B88A8ED6-106B-47E3-A7AA-454708015E3C}"
EndProject
Project("{FAE04EC0-301F-11D3-BF4B-00C04F79EFBC}") = "HatidSuki.Domain", "src\HatidSuki.Domain\HatidSuki.Domain.csproj", "{900949FD-8165-4511-B17E-048C395979F9}"
EndProject
Project("{FAE04EC0-301F-11D3-BF4B-00C04F79EFBC}") = "HatidSuki.Infrastructure", "src\HatidSuki.Infrastructure\HatidSuki.Infrastructure.csproj", "{D7AAEE74-F2B1-41EA-8A89-729D4760429F}"
EndProject
Project("{FAE04EC0-301F-11D3-BF4B-00C04F79EFBC}") = "HatidSuki.Api.Tests", "tests\HatidSuki.Api.Tests\HatidSuki.Api.Tests.csproj", "{A5D6A97F-DDC8-46B3-9A80-E9781AD14CF9}"
EndProject
Project("{FAE04EC0-301F-11D3-BF4B-00C04F79EFBC}") = "HatidSuki.Application.Tests", "tests\HatidSuki.Application.Tests\HatidSuki.Application.Tests.csproj", "{71AB8C28-E12F-450D-A939-A2D658FA9FAB}"
EndProject
Project("{FAE04EC0-301F-11D3-BF4B-00C04F79EFBC}") = "HatidSuki.Domain.Tests", "tests\HatidSuki.Domain.Tests\HatidSuki.Domain.Tests.csproj", "{5ECD13F3-F4C7-428F-9D3A-57BD3C1FA66D}"
EndProject
Project("{FAE04EC0-301F-11D3-BF4B-00C04F79EFBC}") = "HatidSuki.IntegrationTests", "tests\HatidSuki.IntegrationTests\HatidSuki.IntegrationTests.csproj", "{B6889E6E-7908-4457-B9CD-4F64BF2E643C}"
EndProject
Global
	GlobalSection(SolutionConfigurationPlatforms) = preSolution
		Debug|Any CPU = Debug|Any CPU
		Debug|x64 = Debug|x64
		Debug|x86 = Debug|x86
		Release|Any CPU = Release|Any CPU
		Release|x64 = Release|x64
		Release|x86 = Release|x86
	EndGlobalSection
	GlobalSection(ProjectConfigurationPlatforms) = postSolution
		{22CB2901-0B75-40B4-80BC-118AC8C8BD8A}.Debug|Any CPU.ActiveCfg = Debug|Any CPU
		{22CB2901-0B75-40B4-80BC-118AC8C8BD8A}.Debug|Any CPU.Build.0 = Debug|Any CPU
		{22CB2901-0B75-40B4-80BC-118AC8C8BD8A}.Debug|x64.ActiveCfg = Debug|Any CPU
		{22CB2901-0B75-40B4-80BC-118AC8C8BD8A}.Debug|x64.Build.0 = Debug|Any CPU
		{22CB2901-0B75-40B4-80BC-118AC8C8BD8A}.Debug|x86.ActiveCfg = Debug|Any CPU
		{22CB2901-0B75-40B4-80BC-118AC8C8BD8A}.Debug|x86.Build.0 = Debug|Any CPU
		{22CB2901-0B75-40B4-80BC-118AC8C8BD8A}.Release|Any CPU.ActiveCfg = Release|Any CPU
		{22CB2901-0B75-40B4-80BC-118AC8C8BD8A}.Release|Any CPU.Build.0 = Release|Any CPU
		{22CB2901-0B75-40B4-80BC-118AC8C8BD8A}.Release|x64.ActiveCfg = Release|Any CPU
		{22CB2901-0B75-40B4-80BC-118AC8C8BD8A}.Release|x64.Build.0 = Release|Any CPU
		{22CB2901-0B75-40B4-80BC-118AC8C8BD8A}.Release|x86.ActiveCfg = Release|Any CPU
		{22CB2901-0B75-40B4-80BC-118AC8C8BD8A}.Release|x86.Build.0 = Release|Any CPU
		{B88A8ED6-106B-47E3-A7AA-454708015E3C}.Debug|Any CPU.ActiveCfg = Debug|Any CPU
		{B88A8ED6-106B-47E3-A7AA-454708015E3C}.Debug|Any CPU.Build.0 = Debug|Any CPU
		{B88A8ED6-106B-47E3-A7AA-454708015E3C}.Debug|x64.ActiveCfg = Debug|Any CPU
		{B88A8ED6-106B-47E3-A7AA-454708015E3C}.Debug|x64.Build.0 = Debug|Any CPU
		{B88A8ED6-106B-47E3-A7AA-454708015E3C}.Debug|x86.ActiveCfg = Debug|Any CPU
		{B88A8ED6-106B-47E3-A7AA-454708015E3C}.Debug|x86.Build.0 = Debug|Any CPU
		{B88A8ED6-106B-47E3-A7AA-454708015E3C}.Release|Any CPU.ActiveCfg = Release|Any CPU
		{B88A8ED6-106B-47E3-A7AA-454708015E3C}.Release|Any CPU.Build.0 = Release|Any CPU
		{B88A8ED6-106B-47E3-A7AA-454708015E3C}.Release|x64.ActiveCfg = Release|Any CPU
		{B88A8ED6-106B-47E3-A7AA-454708015E3C}.Release|x64.Build.0 = Release|Any CPU
		{B88A8ED6-106B-47E3-A7AA-454708015E3C}.Release|x86.ActiveCfg = Release|Any CPU
		{B88A8ED6-106B-47E3-A7AA-454708015E3C}.Release|x86.Build.0 = Release|Any CPU
		{900949FD-8165-4511-B17E-048C395979F9}.Debug|Any CPU.ActiveCfg = Debug|Any CPU
		{900949FD-8165-4511-B17E-048C395979F9}.Debug|Any CPU.Build.0 = Debug|Any CPU
		{900949FD-8165-4511-B17E-048C395979F9}.Debug|x64.ActiveCfg = Debug|Any CPU
		{900949FD-8165-4511-B17E-048C395979F9}.Debug|x64.Build.0 = Debug|Any CPU
		{900949FD-8165-4511-B17E-048C395979F9}.Debug|x86.ActiveCfg = Debug|Any CPU
		{900949FD-8165-4511-B17E-048C395979F9}.Debug|x86.Build.0 = Debug|Any CPU
		{900949FD-8165-4511-B17E-048C395979F9}.Release|Any CPU.ActiveCfg = Release|Any CPU
		{900949FD-8165-4511-B17E-048C395979F9}.Release|Any CPU.Build.0 = Release|Any CPU
		{900949FD-8165-4511-B17E-048C395979F9}.Release|x64.ActiveCfg = Release|Any CPU
		{900949FD-8165-4511-B17E-048C395979F9}.Release|x64.Build.0 = Release|Any CPU
		{900949FD-8165-4511-B17E-048C395979F9}.Release|x86.ActiveCfg = Release|Any CPU
		{900949FD-8165-4511-B17E-048C395979F9}.Release|x86.Build.0 = Release|Any CPU
		{D7AAEE74-F2B1-41EA-8A89-729D4760429F}.Debug|Any CPU.ActiveCfg = Debug|Any CPU
		{D7AAEE74-F2B1-41EA-8A89-729D4760429F}.Debug|Any CPU.Build.0 = Debug|Any CPU
		{D7AAEE74-F2B1-41EA-8A89-729D4760429F}.Debug|x64.ActiveCfg = Debug|Any CPU
		{D7AAEE74-F2B1-41EA-8A89-729D4760429F}.Debug|x64.Build.0 = Debug|Any CPU
		{D7AAEE74-F2B1-41EA-8A89-729D4760429F}.Debug|x86.ActiveCfg = Debug|Any CPU
		{D7AAEE74-F2B1-41EA-8A89-729D4760429F}.Debug|x86.Build.0 = Debug|Any CPU
		{D7AAEE74-F2B1-41EA-8A89-729D4760429F}.Release|Any CPU.ActiveCfg = Release|Any CPU
		{D7AAEE74-F2B1-41EA-8A89-729D4760429F}.Release|Any CPU.Build.0 = Release|Any CPU
		{D7AAEE74-F2B1-41EA-8A89-729D4760429F}.Release|x64.ActiveCfg = Release|Any CPU
		{D7AAEE74-F2B1-41EA-8A89-729D4760429F}.Release|x64.Build.0 = Release|Any CPU
		{D7AAEE74-F2B1-41EA-8A89-729D4760429F}.Release|x86.ActiveCfg = Release|Any CPU
		{D7AAEE74-F2B1-41EA-8A89-729D4760429F}.Release|x86.Build.0 = Release|Any CPU
		{A5D6A97F-DDC8-46B3-9A80-E9781AD14CF9}.Debug|Any CPU.ActiveCfg = Debug|Any CPU
		{A5D6A97F-DDC8-46B3-9A80-E9781AD14CF9}.Debug|Any CPU.Build.0 = Debug|Any CPU
		{A5D6A97F-DDC8-46B3-9A80-E9781AD14CF9}.Debug|x64.ActiveCfg = Debug|Any CPU
		{A5D6A97F-DDC8-46B3-9A80-E9781AD14CF9}.Debug|x64.Build.0 = Debug|Any CPU
		{A5D6A97F-DDC8-46B3-9A80-E9781AD14CF9}.Debug|x86.ActiveCfg = Debug|Any CPU
		{A5D6A97F-DDC8-46B3-9A80-E9781AD14CF9}.Debug|x86.Build.0 = Debug|Any CPU
		{A5D6A97F-DDC8-46B3-9A80-E9781AD14CF9}.Release|Any CPU.ActiveCfg = Release|Any CPU
		{A5D6A97F-DDC8-46B3-9A80-E9781AD14CF9}.Release|Any CPU.Build.0 = Release|Any CPU
		{A5D6A97F-DDC8-46B3-9A80-E9781AD14CF9}.Release|x64.ActiveCfg = Release|Any CPU
		{A5D6A97F-DDC8-46B3-9A80-E9781AD14CF9}.Release|x64.Build.0 = Release|Any CPU
		{A5D6A97F-DDC8-46B3-9A80-E9781AD14CF9}.Release|x86.ActiveCfg = Release|Any CPU
		{A5D6A97F-DDC8-46B3-9A80-E9781AD14CF9}.Release|x86.Build.0 = Release|Any CPU
		{71AB8C28-E12F-450D-A939-A2D658FA9FAB}.Debug|Any CPU.ActiveCfg = Debug|Any CPU
		{71AB8C28-E12F-450D-A939-A2D658FA9FAB}.Debug|Any CPU.Build.0 = Debug|Any CPU
		{71AB8C28-E12F-450D-A939-A2D658FA9FAB}.Debug|x64.ActiveCfg = Debug|Any CPU
		{71AB8C28-E12F-450D-A939-A2D658FA9FAB}.Debug|x64.Build.0 = Debug|Any CPU
		{71AB8C28-E12F-450D-A939-A2D658FA9FAB}.Debug|x86.ActiveCfg = Debug|Any CPU
		{71AB8C28-E12F-450D-A939-A2D658FA9FAB}.Debug|x86.Build.0 = Debug|Any CPU
		{71AB8C28-E12F-450D-A939-A2D658FA9FAB}.Release|Any CPU.ActiveCfg = Release|Any CPU
		{71AB8C28-E12F-450D-A939-A2D658FA9FAB}.Release|Any CPU.Build.0 = Release|Any CPU
		{71AB8C28-E12F-450D-A939-A2D658FA9FAB}.Release|x64.ActiveCfg = Release|Any CPU
		{71AB8C28-E12F-450D-A939-A2D658FA9FAB}.Release|x64.Build.0 = Release|Any CPU
		{71AB8C28-E12F-450D-A939-A2D658FA9FAB}.Release|x86.ActiveCfg = Release|Any CPU
		{71AB8C28-E12F-450D-A939-A2D658FA9FAB}.Release|x86.Build.0 = Release|Any CPU
		{5ECD13F3-F4C7-428F-9D3A-57BD3C1FA66D}.Debug|Any CPU.ActiveCfg = Debug|Any CPU
		{5ECD13F3-F4C7-428F-9D3A-57BD3C1FA66D}.Debug|Any CPU.Build.0 = Debug|Any CPU
		{5ECD13F3-F4C7-428F-9D3A-57BD3C1FA66D}.Debug|x64.ActiveCfg = Debug|Any CPU
		{5ECD13F3-F4C7-428F-9D3A-57BD3C1FA66D}.Debug|x64.Build.0 = Debug|Any CPU
		{5ECD13F3-F4C7-428F-9D3A-57BD3C1FA66D}.Debug|x86.ActiveCfg = Debug|Any CPU
		{5ECD13F3-F4C7-428F-9D3A-57BD3C1FA66D}.Debug|x86.Build.0 = Debug|Any CPU
		{5ECD13F3-F4C7-428F-9D3A-57BD3C1FA66D}.Release|Any CPU.ActiveCfg = Release|Any CPU
		{5ECD13F3-F4C7-428F-9D3A-57BD3C1FA66D}.Release|Any CPU.Build.0 = Release|Any CPU
		{5ECD13F3-F4C7-428F-9D3A-57BD3C1FA66D}.Release|x64.ActiveCfg = Release|Any CPU
		{5ECD13F3-F4C7-428F-9D3A-57BD3C1FA66D}.Release|x64.Build.0 = Release|Any CPU
		{5ECD13F3-F4C7-428F-9D3A-57BD3C1FA66D}.Release|x86.ActiveCfg = Release|Any CPU
		{5ECD13F3-F4C7-428F-9D3A-57BD3C1FA66D}.Release|x86.Build.0 = Release|Any CPU
		{B6889E6E-7908-4457-B9CD-4F64BF2E643C}.Debug|Any CPU.ActiveCfg = Debug|Any CPU
		{B6889E6E-7908-4457-B9CD-4F64BF2E643C}.Debug|Any CPU.Build.0 = Debug|Any CPU
		{B6889E6E-7908-4457-B9CD-4F64BF2E643C}.Debug|x64.ActiveCfg = Debug|Any CPU
		{B6889E6E-7908-4457-B9CD-4F64BF2E643C}.Debug|x64.Build.0 = Debug|Any CPU
		{B6889E6E-7908-4457-B9CD-4F64BF2E643C}.Debug|x86.ActiveCfg = Debug|Any CPU
		{B6889E6E-7908-4457-B9CD-4F64BF2E643C}.Debug|x86.Build.0 = Debug|Any CPU
		{B6889E6E-7908-4457-B9CD-4F64BF2E643C}.Release|Any CPU.ActiveCfg = Release|Any CPU
		{B6889E6E-7908-4457-B9CD-4F64BF2E643C}.Release|Any CPU.Build.0 = Release|Any CPU
		{B6889E6E-7908-4457-B9CD-4F64BF2E643C}.Release|x64.ActiveCfg = Release|Any CPU
		{B6889E6E-7908-4457-B9CD-4F64BF2E643C}.Release|x64.Build.0 = Release|Any CPU
		{B6889E6E-7908-4457-B9CD-4F64BF2E643C}.Release|x86.ActiveCfg = Release|Any CPU
		{B6889E6E-7908-4457-B9CD-4F64BF2E643C}.Release|x86.Build.0 = Release|Any CPU
	EndGlobalSection
	GlobalSection(SolutionProperties) = preSolution
		HideSolutionNode = FALSE
	EndGlobalSection
	GlobalSection(NestedProjects) = preSolution
		{22CB2901-0B75-40B4-80BC-118AC8C8BD8A} = {827E0CD3-B72D-47B6-A68D-7590B98EB39B}
		{B88A8ED6-106B-47E3-A7AA-454708015E3C} = {827E0CD3-B72D-47B6-A68D-7590B98EB39B}
		{900949FD-8165-4511-B17E-048C395979F9} = {827E0CD3-B72D-47B6-A68D-7590B98EB39B}
		{D7AAEE74-F2B1-41EA-8A89-729D4760429F} = {827E0CD3-B72D-47B6-A68D-7590B98EB39B}
		{A5D6A97F-DDC8-46B3-9A80-E9781AD14CF9} = {827E0CD3-B72D-47B6-A68D-7590B98EB39B}
		{71AB8C28-E12F-450D-A939-A2D658FA9FAB} = {827E0CD3-B72D-47B6-A68D-7590B98EB39B}
		{5ECD13F3-F4C7-428F-9D3A-57BD3C1FA66D} = {827E0CD3-B72D-47B6-A68D-7590B98EB39B}
		{B6889E6E-7908-4457-B9CD-4F64BF2E643C} = {827E0CD3-B72D-47B6-A68D-7590B98EB39B}
	EndGlobalSection
EndGlobal
